// !$*UTF8*$!
{
	archiveVersion = 1;
	classes = {
	};
	objectVersion = 46;
	objects = {

/* Begin PBXBuildFile section */
		5A31C235146860C3001E0B9F /* UIKit.framework in Frameworks */ = {isa = PBXBuildFile; fileRef = 5A31C234146860C3001E0B9F /* UIKit.framework */; };
		5A31C237146860C3001E0B9F /* Foundation.framework in Frameworks */ = {isa = PBXBuildFile; fileRef = 5A31C236146860C3001E0B9F /* Foundation.framework */; };
		5A31C239146860C3001E0B9F /* CoreGraphics.framework in Frameworks */ = {isa = PBXBuildFile; fileRef = 5A31C238146860C3001E0B9F /* CoreGraphics.framework */; };
		5A31C23F146860C3001E0B9F /* InfoPlist.strings in Resources */ = {isa = PBXBuildFile; fileRef = 5A31C23D146860C3001E0B9F /* InfoPlist.strings */; };
		5A31C242146860C3001E0B9F /* main.m in Sources */ = {isa = PBXBuildFile; fileRef = 5A31C241146860C3001E0B9F /* main.m */; };
		5A31C245146860C3001E0B9F /* irobotAppDelegate.m in Sources */ = {isa = PBXBuildFile; fileRef = 5A31C244146860C3001E0B9F /* irobotAppDelegate.m */; };
		5A31C248146860C3001E0B9F /* MainWindow.xib in Resources */ = {isa = PBXBuildFile; fileRef = 5A31C246146860C3001E0B9F /* MainWindow.xib */; };
		5A31C24B146860C3001E0B9F /* irobotViewController.mm in Sources */ = {isa = PBXBuildFile; fileRef = 5A31C24A146860C3001E0B9F /* irobotViewController.mm */; };
		5A31C24E146860C3001E0B9F /* irobotViewController.xib in Resources */ = {isa = PBXBuildFile; fileRef = 5A31C24C146860C3001E0B9F /* irobotViewController.xib */; };
		5A31C25E14687E8E001E0B9F /* irobot.jpg in Resources */ = {isa = PBXBuildFile; fileRef = 5A31C25D14687E8E001E0B9F /* irobot.jpg */; };
		5A31C26E14688B3B001E0B9F /* irobot2.jpg in Resources */ = {isa = PBXBuildFile; fileRef = 5A31C26D14688B3B001E0B9F /* irobot2.jpg */; };
		5A31C27E1468A668001E0B9F /* eye_0.png in Resources */ = {isa = PBXBuildFile; fileRef = 5A31C27B1468A668001E0B9F /* eye_0.png */; };
		5A31C27F1468A668001E0B9F /* eye_1.png in Resources */ = {isa = PBXBuildFile; fileRef = 5A31C27C1468A668001E0B9F /* eye_1.png */; };
		5A31C2801468A668001E0B9F /* eye_2.png in Resources */ = {isa = PBXBuildFile; fileRef = 5A31C27D1468A668001E0B9F /* eye_2.png */; };
		5A31C28D1468ADD9001E0B9F /* cmu07a.dic in Resources */ = {isa = PBXBuildFile; fileRef = 5A31C28C1468ADD9001E0B9F /* cmu07a.dic */; };
		5A31C2971468AE00001E0B9F /* feat.params in Resources */ = {isa = PBXBuildFile; fileRef = 5A31C28F1468AE00001E0B9F /* feat.params */; };
		5A31C2981468AE00001E0B9F /* feat.params.bak in Resources */ = {isa = PBXBuildFile; fileRef = 5A31C2901468AE00001E0B9F /* feat.params.bak */; };
		5A31C2991468AE00001E0B9F /* mdef in Resources */ = {isa = PBXBuildFile; fileRef = 5A31C2911468AE00001E0B9F /* mdef */; };
		5A31C29A1468AE00001E0B9F /* means in Resources */ = {isa = PBXBuildFile; fileRef = 5A31C2921468AE00001E0B9F /* means */; };
		5A31C29B1468AE00001E0B9F /* noisedict in Resources */ = {isa = PBXBuildFile; fileRef = 5A31C2931468AE00001E0B9F /* noisedict */; };
		5A31C29C1468AE00001E0B9F /* sendump in Resources */ = {isa = PBXBuildFile; fileRef = 5A31C2941468AE00001E0B9F /* sendump */; };
		5A31C29D1468AE00001E0B9F /* transition_matrices in Resources */ = {isa = PBXBuildFile; fileRef = 5A31C2951468AE00001E0B9F /* transition_matrices */; };
		5A31C29E1468AE00001E0B9F /* variances in Resources */ = {isa = PBXBuildFile; fileRef = 5A31C2961468AE00001E0B9F /* variances */; };
		5A31C2A61468AEDA001E0B9F /* AudioToolbox.framework in Frameworks */ = {isa = PBXBuildFile; fileRef = 5A31C2A31468AEDA001E0B9F /* AudioToolbox.framework */; };
		5A31C2A71468AEDA001E0B9F /* AVFoundation.framework in Frameworks */ = {isa = PBXBuildFile; fileRef = 5A31C2A41468AEDA001E0B9F /* AVFoundation.framework */; };
		5A31C2A81468AEDA001E0B9F /* libiconv.2.4.0.dylib in Frameworks */ = {isa = PBXBuildFile; fileRef = 5A31C2A51468AEDA001E0B9F /* libiconv.2.4.0.dylib */; };
		5A4A9CA0146CB15900D669DB /* libstdc++.dylib in Frameworks */ = {isa = PBXBuildFile; fileRef = 5A4A9C9F146CB15900D669DB /* libstdc++.dylib */; };
		5A9CF422146B16C900F93B7E /* 7678.dic in Resources */ = {isa = PBXBuildFile; fileRef = 5A9CF420146B16C900F93B7E /* 7678.dic */; };
		5A9CF423146B16C900F93B7E /* 7678.languagemodel in Resources */ = {isa = PBXBuildFile; fileRef = 5A9CF421146B16C900F93B7E /* 7678.languagemodel */; };
		5A9CF477146B4A4C00F93B7E /* libOpenEarsLibrary.a in Frameworks */ = {isa = PBXBuildFile; fileRef = 5A9CF476146B4A4C00F93B7E /* libOpenEarsLibrary.a */; };
		5AA97422146CA5F300300B71 /* haarcascade_frontalface_alt2.xml.gz in Resources */ = {isa = PBXBuildFile; fileRef = 5AA9741C146CA5F300300B71 /* haarcascade_frontalface_alt2.xml.gz */; };
		5AA97423146CA5F300300B71 /* libcv.a in Frameworks */ = {isa = PBXBuildFile; fileRef = 5AA9741D146CA5F300300B71 /* libcv.a */; };
		5AA97424146CA5F300300B71 /* libcvaux.a in Frameworks */ = {isa = PBXBuildFile; fileRef = 5AA9741E146CA5F300300B71 /* libcvaux.a */; };
		5AA97425146CA5F300300B71 /* libcxcore.a in Frameworks */ = {isa = PBXBuildFile; fileRef = 5AA9741F146CA5F300300B71 /* libcxcore.a */; };
		5AA97426146CA5F300300B71 /* libml.a in Frameworks */ = {isa = PBXBuildFile; fileRef = 5AA97420146CA5F300300B71 /* libml.a */; };
		5AA9742A146CA7FE00300B71 /* UIImageOpenCV.m in Sources */ = {isa = PBXBuildFile; fileRef = 5AA97429146CA7FE00300B71 /* UIImageOpenCV.m */; };
		5AA9742C146CAD0600300B71 /* libz.dylib in Frameworks */ = {isa = PBXBuildFile; fileRef = 5AA9742B146CAD0600300B71 /* libz.dylib */; };
/* End PBXBuildFile section */

/* Begin PBXContainerItemProxy section */
		5A31C2881468ACD1001E0B9F /* PBXContainerItemProxy */ = {
			isa = PBXContainerItemProxy;
			containerPortal = 5A31C2811468ACD1001E0B9F /* OpenEarsLibrary.xcodeproj */;
			proxyType = 2;
			remoteGlobalIDString = D2AAC07E0554694100DB518D;
			remoteInfo = OpenEars;
		};
		5A31C29F1468AE60001E0B9F /* PBXContainerItemProxy */ = {
			isa = PBXContainerItemProxy;
			containerPortal = 5A31C2811468ACD1001E0B9F /* OpenEarsLibrary.xcodeproj */;
			proxyType = 1;
			remoteGlobalIDString = D2AAC07D0554694100DB518D;
			remoteInfo = OpenEars;
		};
/* End PBXContainerItemProxy section */

/* Begin PBXFileReference section */
		5A31C230146860C3001E0B9F /* irobot.app */ = {isa = PBXFileReference; explicitFileType = wrapper.application; includeInIndex = 0; path = irobot.app; sourceTree = BUILT_PRODUCTS_DIR; };
		5A31C234146860C3001E0B9F /* UIKit.framework */ = {isa = PBXFileReference; lastKnownFileType = wrapper.framework; name = UIKit.framework; path = System/Library/Frameworks/UIKit.framework; sourceTree = SDKROOT; };
		5A31C236146860C3001E0B9F /* Foundation.framework */ = {isa = PBXFileReference; lastKnownFileType = wrapper.framework; name = Foundation.framework; path = System/Library/Frameworks/Foundation.framework; sourceTree = SDKROOT; };
		5A31C238146860C3001E0B9F /* CoreGraphics.framework */ = {isa = PBXFileReference; lastKnownFileType = wrapper.framework; name = CoreGraphics.framework; path = System/Library/Frameworks/CoreGraphics.framework; sourceTree = SDKROOT; };
		5A31C23C146860C3001E0B9F /* irobot-Info.plist */ = {isa = PBXFileReference; lastKnownFileType = text.plist.xml; path = "irobot-Info.plist"; sourceTree = "<group>"; };
		5A31C23E146860C3001E0B9F /* en */ = {isa = PBXFileReference; lastKnownFileType = text.plist.strings; name = en; path = en.lproj/InfoPlist.strings; sourceTree = "<group>"; };
		5A31C240146860C3001E0B9F /* irobot-Prefix.pch */ = {isa = PBXFileReference; lastKnownFileType = sourcecode.c.h; path = "irobot-Prefix.pch"; sourceTree = "<group>"; };
		5A31C241146860C3001E0B9F /* main.m */ = {isa = PBXFileReference; lastKnownFileType = sourcecode.c.objc; path = main.m; sourceTree = "<group>"; };
		5A31C243146860C3001E0B9F /* irobotAppDelegate.h */ = {isa = PBXFileReference; lastKnownFileType = sourcecode.c.h; path = irobotAppDelegate.h; sourceTree = "<group>"; };
		5A31C244146860C3001E0B9F /* irobotAppDelegate.m */ = {isa = PBXFileReference; lastKnownFileType = sourcecode.c.objc; path = irobotAppDelegate.m; sourceTree = "<group>"; };
		5A31C247146860C3001E0B9F /* en */ = {isa = PBXFileReference; lastKnownFileType = file.xib; name = en; path = en.lproj/MainWindow.xib; sourceTree = "<group>"; };
		5A31C249146860C3001E0B9F /* irobotViewController.h */ = {isa = PBXFileReference; lastKnownFileType = sourcecode.c.h; path = irobotViewController.h; sourceTree = "<group>"; };
		5A31C24A146860C3001E0B9F /* irobotViewController.mm */ = {isa = PBXFileReference; lastKnownFileType = sourcecode.cpp.objcpp; path = irobotViewController.mm; sourceTree = "<group>"; };
		5A31C24D146860C3001E0B9F /* en */ = {isa = PBXFileReference; lastKnownFileType = file.xib; name = en; path = en.lproj/irobotViewController.xib; sourceTree = "<group>"; };
		5A31C25D14687E8E001E0B9F /* irobot.jpg */ = {isa = PBXFileReference; lastKnownFileType = image.jpeg; path = irobot.jpg; sourceTree = "<group>"; };
		5A31C26D14688B3B001E0B9F /* irobot2.jpg */ = {isa = PBXFileReference; lastKnownFileType = image.jpeg; path = irobot2.jpg; sourceTree = "<group>"; };
		5A31C27B1468A668001E0B9F /* eye_0.png */ = {isa = PBXFileReference; lastKnownFileType = image.png; path = eye_0.png; sourceTree = "<group>"; };
		5A31C27C1468A668001E0B9F /* eye_1.png */ = {isa = PBXFileReference; lastKnownFileType = image.png; path = eye_1.png; sourceTree = "<group>"; };
		5A31C27D1468A668001E0B9F /* eye_2.png */ = {isa = PBXFileReference; lastKnownFileType = image.png; path = eye_2.png; sourceTree = "<group>"; };
		5A31C2811468ACD1001E0B9F /* OpenEarsLibrary.xcodeproj */ = {isa = PBXFileReference; lastKnownFileType = "wrapper.pb-project"; name = OpenEarsLibrary.xcodeproj; path = OpenEars/OpenEarsLibrary/OpenEarsLibrary.xcodeproj; sourceTree = SOURCE_ROOT; };
		5A31C28A1468AD22001E0B9F /* OpenEarsConfig.h */ = {isa = PBXFileReference; fileEncoding = 4; lastKnownFileType = sourcecode.c.h; name = OpenEarsConfig.h; path = OpenEars/OpenEarsLibrary/Classes/include/OpenEarsConfig.h; sourceTree = SOURCE_ROOT; };
		5A31C28B1468ADA4001E0B9F /* OpenEarsVoiceConfig.h */ = {isa = PBXFileReference; fileEncoding = 4; lastKnownFileType = sourcecode.c.h; name = OpenEarsVoiceConfig.h; path = "OpenEars/CMULibraries/flite-1.4-release/include/OpenEarsVoiceConfig.h"; sourceTree = "<group>"; };
		5A31C28C1468ADD9001E0B9F /* cmu07a.dic */ = {isa = PBXFileReference; fileEncoding = 4; lastKnownFileType = text; name = cmu07a.dic; path = "OpenEars/CMULibraries/pocketsphinx-0.6.1/model/lm/en_US/cmu07a.dic"; sourceTree = "<group>"; };
		5A31C28F1468AE00001E0B9F /* feat.params */ = {isa = PBXFileReference; fileEncoding = 4; lastKnownFileType = text; path = feat.params; sourceTree = "<group>"; };
		5A31C2901468AE00001E0B9F /* feat.params.bak */ = {isa = PBXFileReference; fileEncoding = 4; lastKnownFileType = text; path = feat.params.bak; sourceTree = "<group>"; };
		5A31C2911468AE00001E0B9F /* mdef */ = {isa = PBXFileReference; lastKnownFileType = file; path = mdef; sourceTree = "<group>"; };
		5A31C2921468AE00001E0B9F /* means */ = {isa = PBXFileReference; lastKnownFileType = file; path = means; sourceTree = "<group>"; };
		5A31C2931468AE00001E0B9F /* noisedict */ = {isa = PBXFileReference; fileEncoding = 4; lastKnownFileType = text; path = noisedict; sourceTree = "<group>"; };
		5A31C2941468AE00001E0B9F /* sendump */ = {isa = PBXFileReference; lastKnownFileType = file; path = sendump; sourceTree = "<group>"; };
		5A31C2951468AE00001E0B9F /* transition_matrices */ = {isa = PBXFileReference; lastKnownFileType = file; path = transition_matrices; sourceTree = "<group>"; };
		5A31C2961468AE00001E0B9F /* variances */ = {isa = PBXFileReference; lastKnownFileType = file; path = variances; sourceTree = "<group>"; };
		5A31C2A31468AEDA001E0B9F /* AudioToolbox.framework */ = {isa = PBXFileReference; lastKnownFileType = wrapper.framework; name = AudioToolbox.framework; path = System/Library/Frameworks/AudioToolbox.framework; sourceTree = SDKROOT; };
		5A31C2A41468AEDA001E0B9F /* AVFoundation.framework */ = {isa = PBXFileReference; lastKnownFileType = wrapper.framework; name = AVFoundation.framework; path = System/Library/Frameworks/AVFoundation.framework; sourceTree = SDKROOT; };
		5A31C2A51468AEDA001E0B9F /* libiconv.2.4.0.dylib */ = {isa = PBXFileReference; lastKnownFileType = "compiled.mach-o.dylib"; name = libiconv.2.4.0.dylib; path = usr/lib/libiconv.2.4.0.dylib; sourceTree = SDKROOT; };
		5A4A9C9F146CB15900D669DB /* libstdc++.dylib */ = {isa = PBXFileReference; lastKnownFileType = "compiled.mach-o.dylib"; name = "libstdc++.dylib"; path = "usr/lib/gcc/arm-apple-darwin10/4.0.1/libstdc++.dylib"; sourceTree = SDKROOT; };
		5A9CF420146B16C900F93B7E /* 7678.dic */ = {isa = PBXFileReference; fileEncoding = 4; lastKnownFileType = text; path = 7678.dic; sourceTree = "<group>"; };
		5A9CF421146B16C900F93B7E /* 7678.languagemodel */ = {isa = PBXFileReference; fileEncoding = 4; lastKnownFileType = text; path = 7678.languagemodel; sourceTree = "<group>"; };
		5A9CF476146B4A4C00F93B7E /* libOpenEarsLibrary.a */ = {isa = PBXFileReference; explicitFileType = archive.ar; path = libOpenEarsLibrary.a; sourceTree = BUILT_PRODUCTS_DIR; };
		5AA9740E146CA5F300300B71 /* cv.h */ = {isa = PBXFileReference; fileEncoding = 4; lastKnownFileType = sourcecode.c.h; path = cv.h; sourceTree = "<group>"; };
		5AA9740F146CA5F300300B71 /* cvaux.h */ = {isa = PBXFileReference; fileEncoding = 4; lastKnownFileType = sourcecode.c.h; path = cvaux.h; sourceTree = "<group>"; };
		5AA97410146CA5F300300B71 /* cvaux.hpp */ = {isa = PBXFileReference; fileEncoding = 4; lastKnownFileType = sourcecode.cpp.h; path = cvaux.hpp; sourceTree = "<group>"; };
		5AA97411146CA5F300300B71 /* cvcompat.h */ = {isa = PBXFileReference; fileEncoding = 4; lastKnownFileType = sourcecode.c.h; path = cvcompat.h; sourceTree = "<group>"; };
		5AA97412146CA5F300300B71 /* cvmat.hpp */ = {isa = PBXFileReference; fileEncoding = 4; lastKnownFileType = sourcecode.cpp.h; path = cvmat.hpp; sourceTree = "<group>"; };
		5AA97413146CA5F300300B71 /* cvstreams.h */ = {isa = PBXFileReference; fileEncoding = 4; lastKnownFileType = sourcecode.c.h; path = cvstreams.h; sourceTree = "<group>"; };
		5AA97414146CA5F300300B71 /* cvtypes.h */ = {isa = PBXFileReference; fileEncoding = 4; lastKnownFileType = sourcecode.c.h; path = cvtypes.h; sourceTree = "<group>"; };
		5AA97415146CA5F300300B71 /* cvver.h */ = {isa = PBXFileReference; fileEncoding = 4; lastKnownFileType = sourcecode.c.h; path = cvver.h; sourceTree = "<group>"; };
		5AA97416146CA5F300300B71 /* cvvidsurv.hpp */ = {isa = PBXFileReference; fileEncoding = 4; lastKnownFileType = sourcecode.cpp.h; path = cvvidsurv.hpp; sourceTree = "<group>"; };
		5AA97417146CA5F300300B71 /* cxcore.h */ = {isa = PBXFileReference; fileEncoding = 4; lastKnownFileType = sourcecode.c.h; path = cxcore.h; sourceTree = "<group>"; };
		5AA97418146CA5F300300B71 /* cxcore.hpp */ = {isa = PBXFileReference; fileEncoding = 4; lastKnownFileType = sourcecode.cpp.h; path = cxcore.hpp; sourceTree = "<group>"; };
		5AA97419146CA5F300300B71 /* cxerror.h */ = {isa = PBXFileReference; fileEncoding = 4; lastKnownFileType = sourcecode.c.h; path = cxerror.h; sourceTree = "<group>"; };
		5AA9741A146CA5F300300B71 /* cxmisc.h */ = {isa = PBXFileReference; fileEncoding = 4; lastKnownFileType = sourcecode.c.h; path = cxmisc.h; sourceTree = "<group>"; };
		5AA9741B146CA5F300300B71 /* cxtypes.h */ = {isa = PBXFileReference; fileEncoding = 4; lastKnownFileType = sourcecode.c.h; path = cxtypes.h; sourceTree = "<group>"; };
		5AA9741C146CA5F300300B71 /* haarcascade_frontalface_alt2.xml.gz */ = {isa = PBXFileReference; lastKnownFileType = archive.gzip; path = haarcascade_frontalface_alt2.xml.gz; sourceTree = "<group>"; };
		5AA9741D146CA5F300300B71 /* libcv.a */ = {isa = PBXFileReference; lastKnownFileType = archive.ar; path = libcv.a; sourceTree = "<group>"; };
		5AA9741E146CA5F300300B71 /* libcvaux.a */ = {isa = PBXFileReference; lastKnownFileType = archive.ar; path = libcvaux.a; sourceTree = "<group>"; };
		5AA9741F146CA5F300300B71 /* libcxcore.a */ = {isa = PBXFileReference; lastKnownFileType = archive.ar; path = libcxcore.a; sourceTree = "<group>"; };
		5AA97420146CA5F300300B71 /* libml.a */ = {isa = PBXFileReference; lastKnownFileType = archive.ar; path = libml.a; sourceTree = "<group>"; };
		5AA97421146CA5F300300B71 /* ml.h */ = {isa = PBXFileReference; fileEncoding = 4; lastKnownFileType = sourcecode.c.h; path = ml.h; sourceTree = "<group>"; };
		5AA97428146CA7FE00300B71 /* UIImageOpenCV.h */ = {isa = PBXFileReference; fileEncoding = 4; lastKnownFileType = sourcecode.c.h; path = UIImageOpenCV.h; sourceTree = "<group>"; };
		5AA97429146CA7FE00300B71 /* UIImageOpenCV.m */ = {isa = PBXFileReference; fileEncoding = 4; lastKnownFileType = sourcecode.c.objc; path = UIImageOpenCV.m; sourceTree = "<group>"; };
		5AA9742B146CAD0600300B71 /* libz.dylib */ = {isa = PBXFileReference; lastKnownFileType = "compiled.mach-o.dylib"; name = libz.dylib; path = usr/lib/libz.dylib; sourceTree = SDKROOT; };
/* End PBXFileReference section */

/* Begin PBXFrameworksBuildPhase section */
		5A31C22D146860C3001E0B9F /* Frameworks */ = {
			isa = PBXFrameworksBuildPhase;
			buildActionMask = 2147483647;
			files = (
				5A4A9CA0146CB15900D669DB /* libstdc++.dylib in Frameworks */,
				5AA9742C146CAD0600300B71 /* libz.dylib in Frameworks */,
				5A9CF477146B4A4C00F93B7E /* libOpenEarsLibrary.a in Frameworks */,
				5A31C2A61468AEDA001E0B9F /* AudioToolbox.framework in Frameworks */,
				5A31C2A71468AEDA001E0B9F /* AVFoundation.framework in Frameworks */,
				5A31C2A81468AEDA001E0B9F /* libiconv.2.4.0.dylib in Frameworks */,
				5A31C235146860C3001E0B9F /* UIKit.framework in Frameworks */,
				5A31C237146860C3001E0B9F /* Foundation.framework in Frameworks */,
				5A31C239146860C3001E0B9F /* CoreGraphics.framework in Frameworks */,
				5AA97423146CA5F300300B71 /* libcv.a in Frameworks */,
				5AA97424146CA5F300300B71 /* libcvaux.a in Frameworks */,
				5AA97425146CA5F300300B71 /* libcxcore.a in Frameworks */,
				5AA97426146CA5F300300B71 /* libml.a in Frameworks */,
			);
			runOnlyForDeploymentPostprocessing = 0;
		};
/* End PBXFrameworksBuildPhase section */

/* Begin PBXGroup section */
		5A31C225146860C3001E0B9F = {
			isa = PBXGroup;
			children = (
				5A4A9C9F146CB15900D669DB /* libstdc++.dylib */,
				5AA9742B146CAD0600300B71 /* libz.dylib */,
				5AA9740D146CA5F300300B71 /* opencv */,
				5A9CF476146B4A4C00F93B7E /* libOpenEarsLibrary.a */,
				5A31C2A31468AEDA001E0B9F /* AudioToolbox.framework */,
				5A31C2A41468AEDA001E0B9F /* AVFoundation.framework */,
				5A31C2A51468AEDA001E0B9F /* libiconv.2.4.0.dylib */,
				5A31C28B1468ADA4001E0B9F /* OpenEarsVoiceConfig.h */,
				5A31C28E1468AE00001E0B9F /* hub4wsj_sc_8k */,
				5A31C28C1468ADD9001E0B9F /* cmu07a.dic */,
				5A31C28A1468AD22001E0B9F /* OpenEarsConfig.h */,
				5A31C2811468ACD1001E0B9F /* OpenEarsLibrary.xcodeproj */,
				5A31C23A146860C3001E0B9F /* irobot */,
				5A31C233146860C3001E0B9F /* Frameworks */,
				5A31C231146860C3001E0B9F /* Products */,
			);
			sourceTree = "<group>";
		};
		5A31C231146860C3001E0B9F /* Products */ = {
			isa = PBXGroup;
			children = (
				5A31C230146860C3001E0B9F /* irobot.app */,
			);
			name = Products;
			sourceTree = "<group>";
		};
		5A31C233146860C3001E0B9F /* Frameworks */ = {
			isa = PBXGroup;
			children = (
				5A31C234146860C3001E0B9F /* UIKit.framework */,
				5A31C236146860C3001E0B9F /* Foundation.framework */,
				5A31C238146860C3001E0B9F /* CoreGraphics.framework */,
			);
			name = Frameworks;
			sourceTree = "<group>";
		};
		5A31C23A146860C3001E0B9F /* irobot */ = {
			isa = PBXGroup;
			children = (
				5AA97427146CA7A300300B71 /* OpenCV */,
				5A31C25C14687E11001E0B9F /* resources */,
				5A31C243146860C3001E0B9F /* irobotAppDelegate.h */,
				5A31C244146860C3001E0B9F /* irobotAppDelegate.m */,
				5A31C246146860C3001E0B9F /* MainWindow.xib */,
				5A31C249146860C3001E0B9F /* irobotViewController.h */,
				5A31C24A146860C3001E0B9F /* irobotViewController.mm */,
				5A31C24C146860C3001E0B9F /* irobotViewController.xib */,
				5A31C23B146860C3001E0B9F /* Supporting Files */,
			);
			path = irobot;
			sourceTree = "<group>";
		};
		5A31C23B146860C3001E0B9F /* Supporting Files */ = {
			isa = PBXGroup;
			children = (
				5A31C23C146860C3001E0B9F /* irobot-Info.plist */,
				5A31C23D146860C3001E0B9F /* InfoPlist.strings */,
				5A31C240146860C3001E0B9F /* irobot-Prefix.pch */,
				5A31C241146860C3001E0B9F /* main.m */,
			);
			name = "Supporting Files";
			sourceTree = "<group>";
		};
		5A31C25C14687E11001E0B9F /* resources */ = {
			isa = PBXGroup;
			children = (
				5A31C25D14687E8E001E0B9F /* irobot.jpg */,
				5A31C27B1468A668001E0B9F /* eye_0.png */,
				5A31C27C1468A668001E0B9F /* eye_1.png */,
				5A31C27D1468A668001E0B9F /* eye_2.png */,
				5A31C26D14688B3B001E0B9F /* irobot2.jpg */,
				5A9CF420146B16C900F93B7E /* 7678.dic */,
				5A9CF421146B16C900F93B7E /* 7678.languagemodel */,
			);
			name = resources;
			sourceTree = "<group>";
		};
		5A31C2821468ACD1001E0B9F /* Products */ = {
			isa = PBXGroup;
			children = (
				5A31C2891468ACD1001E0B9F /* libOpenEarsLibrary.a */,
			);
			name = Products;
			sourceTree = "<group>";
		};
		5A31C28E1468AE00001E0B9F /* hub4wsj_sc_8k */ = {
			isa = PBXGroup;
			children = (
				5A31C28F1468AE00001E0B9F /* feat.params */,
				5A31C2901468AE00001E0B9F /* feat.params.bak */,
				5A31C2911468AE00001E0B9F /* mdef */,
				5A31C2921468AE00001E0B9F /* means */,
				5A31C2931468AE00001E0B9F /* noisedict */,
				5A31C2941468AE00001E0B9F /* sendump */,
				5A31C2951468AE00001E0B9F /* transition_matrices */,
				5A31C2961468AE00001E0B9F /* variances */,
			);
			name = hub4wsj_sc_8k;
			path = "OpenEars/CMULibraries/pocketsphinx-0.6.1/model/hmm/en_US/hub4wsj_sc_8k";
			sourceTree = "<group>";
		};
		5AA9740D146CA5F300300B71 /* opencv */ = {
			isa = PBXGroup;
			children = (
				5AA9740E146CA5F300300B71 /* cv.h */,
				5AA9740F146CA5F300300B71 /* cvaux.h */,
				5AA97410146CA5F300300B71 /* cvaux.hpp */,
				5AA97411146CA5F300300B71 /* cvcompat.h */,
				5AA97412146CA5F300300B71 /* cvmat.hpp */,
				5AA97413146CA5F300300B71 /* cvstreams.h */,
				5AA97414146CA5F300300B71 /* cvtypes.h */,
				5AA97415146CA5F300300B71 /* cvver.h */,
				5AA97416146CA5F300300B71 /* cvvidsurv.hpp */,
				5AA97417146CA5F300300B71 /* cxcore.h */,
				5AA97418146CA5F300300B71 /* cxcore.hpp */,
				5AA97419146CA5F300300B71 /* cxerror.h */,
				5AA9741A146CA5F300300B71 /* cxmisc.h */,
				5AA9741B146CA5F300300B71 /* cxtypes.h */,
				5AA9741C146CA5F300300B71 /* haarcascade_frontalface_alt2.xml.gz */,
				5AA9741D146CA5F300300B71 /* libcv.a */,
				5AA9741E146CA5F300300B71 /* libcvaux.a */,
				5AA9741F146CA5F300300B71 /* libcxcore.a */,
				5AA97420146CA5F300300B71 /* libml.a */,
				5AA97421146CA5F300300B71 /* ml.h */,
			);
			path = opencv;
			sourceTree = "<group>";
		};
		5AA97427146CA7A300300B71 /* OpenCV */ = {
			isa = PBXGroup;
			children = (
				5AA97428146CA7FE00300B71 /* UIImageOpenCV.h */,
				5AA97429146CA7FE00300B71 /* UIImageOpenCV.m */,
			);
			name = OpenCV;
			sourceTree = "<group>";
		};
/* End PBXGroup section */

/* Begin PBXNativeTarget section */
		5A31C22F146860C3001E0B9F /* irobot */ = {
			isa = PBXNativeTarget;
			buildConfigurationList = 5A31C251146860C3001E0B9F /* Build configuration list for PBXNativeTarget "irobot" */;
			buildPhases = (
				5A31C22C146860C3001E0B9F /* Sources */,
				5A31C22D146860C3001E0B9F /* Frameworks */,
				5A31C22E146860C3001E0B9F /* Resources */,
			);
			buildRules = (
			);
			dependencies = (
				5A31C2A01468AE60001E0B9F /* PBXTargetDependency */,
			);
			name = irobot;
			productName = irobot;
			productReference = 5A31C230146860C3001E0B9F /* irobot.app */;
			productType = "com.apple.product-type.application";
		};
/* End PBXNativeTarget section */

/* Begin PBXProject section */
		5A31C227146860C3001E0B9F /* Project object */ = {
			isa = PBXProject;
			buildConfigurationList = 5A31C22A146860C3001E0B9F /* Build configuration list for PBXProject "irobot" */;
			compatibilityVersion = "Xcode 3.2";
			developmentRegion = English;
			hasScannedForEncodings = 0;
			knownRegions = (
				en,
			);
			mainGroup = 5A31C225146860C3001E0B9F;
			productRefGroup = 5A31C231146860C3001E0B9F /* Products */;
			projectDirPath = "";
			projectReferences = (
				{
					ProductGroup = 5A31C2821468ACD1001E0B9F /* Products */;
					ProjectRef = 5A31C2811468ACD1001E0B9F /* OpenEarsLibrary.xcodeproj */;
				},
			);
			projectRoot = "";
			targets = (
				5A31C22F146860C3001E0B9F /* irobot */,
			);
		};
/* End PBXProject section */

/* Begin PBXReferenceProxy section */
		5A31C2891468ACD1001E0B9F /* libOpenEarsLibrary.a */ = {
			isa = PBXReferenceProxy;
			fileType = archive.ar;
			path = libOpenEarsLibrary.a;
			remoteRef = 5A31C2881468ACD1001E0B9F /* PBXContainerItemProxy */;
			sourceTree = BUILT_PRODUCTS_DIR;
		};
/* End PBXReferenceProxy section */

/* Begin PBXResourcesBuildPhase section */
		5A31C22E146860C3001E0B9F /* Resources */ = {
			isa = PBXResourcesBuildPhase;
			buildActionMask = 2147483647;
			files = (
				5A31C23F146860C3001E0B9F /* InfoPlist.strings in Resources */,
				5A31C248146860C3001E0B9F /* MainWindow.xib in Resources */,
				5A31C24E146860C3001E0B9F /* irobotViewController.xib in Resources */,
				5A31C25E14687E8E001E0B9F /* irobot.jpg in Resources */,
				5A31C26E14688B3B001E0B9F /* irobot2.jpg in Resources */,
				5A31C27E1468A668001E0B9F /* eye_0.png in Resources */,
				5A31C27F1468A668001E0B9F /* eye_1.png in Resources */,
				5A31C2801468A668001E0B9F /* eye_2.png in Resources */,
				5A31C28D1468ADD9001E0B9F /* cmu07a.dic in Resources */,
				5A31C2971468AE00001E0B9F /* feat.params in Resources */,
				5A31C2981468AE00001E0B9F /* feat.params.bak in Resources */,
				5A31C2991468AE00001E0B9F /* mdef in Resources */,
				5A31C29A1468AE00001E0B9F /* means in Resources */,
				5A31C29B1468AE00001E0B9F /* noisedict in Resources */,
				5A31C29C1468AE00001E0B9F /* sendump in Resources */,
				5A31C29D1468AE00001E0B9F /* transition_matrices in Resources */,
				5A31C29E1468AE00001E0B9F /* variances in Resources */,
				5A9CF422146B16C900F93B7E /* 7678.dic in Resources */,
				5A9CF423146B16C900F93B7E /* 7678.languagemodel in Resources */,
				5AA97422146CA5F300300B71 /* haarcascade_frontalface_alt2.xml.gz in Resources */,
			);
			runOnlyForDeploymentPostprocessing = 0;
		};
/* End PBXResourcesBuildPhase section */

/* Begin PBXSourcesBuildPhase section */
		5A31C22C146860C3001E0B9F /* Sources */ = {
			isa = PBXSourcesBuildPhase;
			buildActionMask = 2147483647;
			files = (
				5A31C242146860C3001E0B9F /* main.m in Sources */,
				5A31C245146860C3001E0B9F /* irobotAppDelegate.m in Sources */,
				5A31C24B146860C3001E0B9F /* irobotViewController.mm in Sources */,
				5AA9742A146CA7FE00300B71 /* UIImageOpenCV.m in Sources */,
			);
			runOnlyForDeploymentPostprocessing = 0;
		};
/* End PBXSourcesBuildPhase section */

/* Begin PBXTargetDependency section */
		5A31C2A01468AE60001E0B9F /* PBXTargetDependency */ = {
			isa = PBXTargetDependency;
			name = OpenEars;
			targetProxy = 5A31C29F1468AE60001E0B9F /* PBXContainerItemProxy */;
		};
/* End PBXTargetDependency section */

/* Begin PBXVariantGroup section */
		5A31C23D146860C3001E0B9F /* InfoPlist.strings */ = {
			isa = PBXVariantGroup;
			children = (
				5A31C23E146860C3001E0B9F /* en */,
			);
			name = InfoPlist.strings;
			sourceTree = "<group>";
		};
		5A31C246146860C3001E0B9F /* MainWindow.xib */ = {
			isa = PBXVariantGroup;
			children = (
				5A31C247146860C3001E0B9F /* en */,
			);
			name = MainWindow.xib;
			sourceTree = "<group>";
		};
		5A31C24C146860C3001E0B9F /* irobotViewController.xib */ = {
			isa = PBXVariantGroup;
			children = (
				5A31C24D146860C3001E0B9F /* en */,
			);
			name = irobotViewController.xib;
			sourceTree = "<group>";
		};
/* End PBXVariantGroup section */

/* Begin XCBuildConfiguration section */
		5A31C24F146860C3001E0B9F /* Debug */ = {
			isa = XCBuildConfiguration;
			buildSettings = {
				ARCHS = "$(ARCHS_STANDARD_32_BIT)";
				"CODE_SIGN_IDENTITY[sdk=iphoneos*]" = "iPhone Developer";
				GCC_C_LANGUAGE_STANDARD = gnu99;
				GCC_OPTIMIZATION_LEVEL = 0;
				GCC_PREPROCESSOR_DEFINITIONS = DEBUG;
				GCC_SYMBOLS_PRIVATE_EXTERN = NO;
				GCC_THUMB_SUPPORT = NO;
				GCC_VERSION = com.apple.compilers.llvmgcc42;
				GCC_WARN_ABOUT_RETURN_TYPE = YES;
				GCC_WARN_UNUSED_VARIABLE = YES;
				HEADER_SEARCH_PATHS = (
					"OpenEars/CMULibraries/flite-1.4-release/include",
					"OpenEars/CMULibraries/pocketsphinx-0.6.1/include",
					"OpenEars/CMULibraries/sphinxbase-0.6.1/include",
					OpenEars/OpenEarsLibrary/Classes/include,
				);
				IPHONEOS_DEPLOYMENT_TARGET = 4.3;
				SDKROOT = iphoneos;
			};
			name = Debug;
		};
		5A31C250146860C3001E0B9F /* Release */ = {
			isa = XCBuildConfiguration;
			buildSettings = {
				ARCHS = "$(ARCHS_STANDARD_32_BIT)";
				"CODE_SIGN_IDENTITY[sdk=iphoneos*]" = "iPhone Developer";
				GCC_C_LANGUAGE_STANDARD = gnu99;
				GCC_THUMB_SUPPORT = NO;
				GCC_VERSION = com.apple.compilers.llvmgcc42;
				GCC_WARN_ABOUT_RETURN_TYPE = YES;
				GCC_WARN_UNUSED_VARIABLE = YES;
				HEADER_SEARCH_PATHS = (
					"OpenEars/CMULibraries/flite-1.4-release/include",
					"OpenEars/CMULibraries/pocketsphinx-0.6.1/include",
					"OpenEars/CMULibraries/sphinxbase-0.6.1/include",
					OpenEars/OpenEarsLibrary/Classes/include,
				);
				IPHONEOS_DEPLOYMENT_TARGET = 4.3;
				OTHER_CFLAGS = "-DNS_BLOCK_ASSERTIONS=1";
				SDKROOT = iphoneos;
			};
			name = Release;
		};
		5A31C252146860C3001E0B9F /* Debug */ = {
			isa = XCBuildConfiguration;
			buildSettings = {
				ALWAYS_SEARCH_USER_PATHS = NO;
				COPY_PHASE_STRIP = NO;
				GCC_DYNAMIC_NO_PIC = NO;
				GCC_PRECOMPILE_PREFIX_HEADER = YES;
				GCC_PREFIX_HEADER = "irobot/irobot-Prefix.pch";
				INFOPLIST_FILE = "irobot/irobot-Info.plist";
				LIBRARY_SEARCH_PATHS = (
					"$(inherited)",
					"\"$(SRCROOT)\"",
					"\"$(SRCROOT)/opencv\"",
					"\"$(SDKROOT)/usr/lib/gcc/arm-apple-darwin10/4.0.1\"",
				);
				PRODUCT_NAME = "$(TARGET_NAME)";
				WRAPPER_EXTENSION = app;
			};
			name = Debug;
		};
		5A31C253146860C3001E0B9F /* Release */ = {
			isa = XCBuildConfiguration;
			buildSettings = {
				ALWAYS_SEARCH_USER_PATHS = NO;
				COPY_PHASE_STRIP = YES;
				GCC_PRECOMPILE_PREFIX_HEADER = YES;
				GCC_PREFIX_HEADER = "irobot/irobot-Prefix.pch";
				INFOPLIST_FILE = "irobot/irobot-Info.plist";
				LIBRARY_SEARCH_PATHS = (
					"$(inherited)",
					"\"$(SRCROOT)\"",
					"\"$(SRCROOT)/opencv\"",
					"\"$(SDKROOT)/usr/lib/gcc/arm-apple-darwin10/4.0.1\"",
				);
				PRODUCT_NAME = "$(TARGET_NAME)";
				VALIDATE_PRODUCT = YES;
				WRAPPER_EXTENSION = app;
			};
			name = Release;
		};
/* End XCBuildConfiguration section */

/* Begin XCConfigurationList section */
		5A31C22A146860C3001E0B9F /* Build configuration list for PBXProject "irobot" */ = {
			isa = XCConfigurationList;
			buildConfigurations = (
				5A31C24F146860C3001E0B9F /* Debug */,
				5A31C250146860C3001E0B9F /* Release */,
			);
			defaultConfigurationIsVisible = 0;
			defaultConfigurationName = Release;
		};
		5A31C251146860C3001E0B9F /* Build configuration list for PBXNativeTarget "irobot" */ = {
			isa = XCConfigurationList;
			buildConfigurations = (
				5A31C252146860C3001E0B9F /* Debug */,
				5A31C253146860C3001E0B9F /* Release */,
			);
			defaultConfigurationIsVisible = 0;
			defaultConfigurationName = Release;
		};
/* End XCConfigurationList section */
	};
	rootObject = 5A31C227146860C3001E0B9F /* Project object */;
}
